
Microsoft Visual Studio Solution File, Format Version 12.00
# Visual Studio Version 16
VisualStudioVersion = 16.0.31515.178
MinimumVisualStudioVersion = 10.0.40219.1
Project("{FAE04EC0-301F-11D3-BF4B-00C04F79EFBC}") = "CerditCardThreads", "CerditCardThreads\CerditCardThreads.csproj", "{8EAE7757-DC91-480D-82DB-A7B7971AE7E8}"
EndProject
Global
	GlobalSection(SolutionConfigurationPlatforms) = preSolution
		Debug|Any CPU = Debug|Any CPU
		Release|Any CPU = Release|Any CPU
	EndGlobalSection
	GlobalSection(ProjectConfigurationPlatforms) = postSolution
		{8EAE7757-DC91-480D-82DB-A7B7971AE7E8}.Debug|Any CPU.ActiveCfg = Debug|Any CPU
		{8EAE7757-DC91-480D-82DB-A7B7971AE7E8}.Debug|Any CPU.Build.0 = Debug|Any CPU
		{8EAE7757-DC91-480D-82DB-A7B7971AE7E8}.Release|Any CPU.ActiveCfg = Release|Any CPU
		{8EAE7757-DC91-480D-82DB-A7B7971AE7E8}.Release|Any CPU.Build.0 = Release|Any CPU
	EndGlobalSection
	GlobalSection(SolutionProperties) = preSolution
		HideSolutionNode = FALSE
	EndGlobalSection
	GlobalSection(ExtensibilityGlobals) = postSolution
		SolutionGuid = {D2C2543B-6AFE-4E64-B968-8A95EE251DA0}
	EndGlobalSection
EndGlobal
